
Microsoft Visual Studio Solution File, Format Version 12.00
# Visual Studio 15
VisualStudioVersion = 15.0.27130.2010
MinimumVisualStudioVersion = 10.0.40219.1
Project("{FAE04EC0-301F-11D3-BF4B-00C04F79EFBC}") = "log4Demo", "log4Demo\log4Demo.csproj", "{CEC11275-106D-4CB2-AAF2-EA5C82F67178}"
EndProject
Global
	GlobalSection(SolutionConfigurationPlatforms) = preSolution
		Debug|Any CPU = Debug|Any CPU
		Release|Any CPU = Release|Any CPU
	EndGlobalSection
	GlobalSection(ProjectConfigurationPlatforms) = postSolution
		{CEC11275-106D-4CB2-AAF2-EA5C82F67178}.Debug|Any CPU.ActiveCfg = Debug|Any CPU
		{CEC11275-106D-4CB2-AAF2-EA5C82F67178}.Debug|Any CPU.Build.0 = Debug|Any CPU
		{CEC11275-106D-4CB2-AAF2-EA5C82F67178}.Release|Any CPU.ActiveCfg = Release|Any CPU
		{CEC11275-106D-4CB2-AAF2-EA5C82F67178}.Release|Any CPU.Build.0 = Release|Any CPU
	EndGlobalSection
	GlobalSection(SolutionProperties) = preSolution
		HideSolutionNode = FALSE
	EndGlobalSection
	GlobalSection(ExtensibilityGlobals) = postSolution
		SolutionGuid = {C7B62911-CF2A-4CD1-8D58-AE1B4861BD68}
	EndGlobalSection
EndGlobal
