
Microsoft Visual Studio Solution File, Format Version 12.00
# Visual Studio 15
VisualStudioVersion = 15.0.27004.2009
MinimumVisualStudioVersion = 10.0.40219.1
Project("{FAE04EC0-301F-11D3-BF4B-00C04F79EFBC}") = "FlyWeightPattern", "FlyWeightPattern\FlyWeightPattern.csproj", "{E7E328B7-E09C-489F-B8D4-F44099296CC8}"
EndProject
Global
	GlobalSection(SolutionConfigurationPlatforms) = preSolution
		Debug|Any CPU = Debug|Any CPU
		Release|Any CPU = Release|Any CPU
	EndGlobalSection
	GlobalSection(ProjectConfigurationPlatforms) = postSolution
		{E7E328B7-E09C-489F-B8D4-F44099296CC8}.Debug|Any CPU.ActiveCfg = Debug|Any CPU
		{E7E328B7-E09C-489F-B8D4-F44099296CC8}.Debug|Any CPU.Build.0 = Debug|Any CPU
		{E7E328B7-E09C-489F-B8D4-F44099296CC8}.Release|Any CPU.ActiveCfg = Release|Any CPU
		{E7E328B7-E09C-489F-B8D4-F44099296CC8}.Release|Any CPU.Build.0 = Release|Any CPU
	EndGlobalSection
	GlobalSection(SolutionProperties) = preSolution
		HideSolutionNode = FALSE
	EndGlobalSection
	GlobalSection(ExtensibilityGlobals) = postSolution
		SolutionGuid = {B657DBD6-ED1F-42EB-871C-AF8B8D519CA9}
	EndGlobalSection
EndGlobal
