
Microsoft Visual Studio Solution File, Format Version 12.00
# Visual Studio 15
VisualStudioVersion = 15.0.27130.2010
MinimumVisualStudioVersion = 10.0.40219.1
Project("{FAE04EC0-301F-11D3-BF4B-00C04F79EFBC}") = "taskAsyncDemo_hjm", "taskAsyncDemo_hjm\taskAsyncDemo_hjm.csproj", "{86BC1E9F-9C6E-4EB2-9F38-46A537DFA886}"
EndProject
Global
	GlobalSection(SolutionConfigurationPlatforms) = preSolution
		Debug|Any CPU = Debug|Any CPU
		Release|Any CPU = Release|Any CPU
	EndGlobalSection
	GlobalSection(ProjectConfigurationPlatforms) = postSolution
		{86BC1E9F-9C6E-4EB2-9F38-46A537DFA886}.Debug|Any CPU.ActiveCfg = Debug|Any CPU
		{86BC1E9F-9C6E-4EB2-9F38-46A537DFA886}.Debug|Any CPU.Build.0 = Debug|Any CPU
		{86BC1E9F-9C6E-4EB2-9F38-46A537DFA886}.Release|Any CPU.ActiveCfg = Release|Any CPU
		{86BC1E9F-9C6E-4EB2-9F38-46A537DFA886}.Release|Any CPU.Build.0 = Release|Any CPU
	EndGlobalSection
	GlobalSection(SolutionProperties) = preSolution
		HideSolutionNode = FALSE
	EndGlobalSection
	GlobalSection(ExtensibilityGlobals) = postSolution
		SolutionGuid = {1B6FD6CA-4DF5-4057-8E69-AC1E28DD6822}
	EndGlobalSection
EndGlobal
