
Microsoft Visual Studio Solution File, Format Version 12.00
# Visual Studio 15
VisualStudioVersion = 15.0.27130.2010
MinimumVisualStudioVersion = 10.0.40219.1
Project("{FAE04EC0-301F-11D3-BF4B-00C04F79EFBC}") = "modPro", "modPro\modPro.csproj", "{E381EF2D-592B-43B9-B367-F7EE2581A898}"
EndProject
Project("{FAE04EC0-301F-11D3-BF4B-00C04F79EFBC}") = "ModbusLib", "ModbusLib\ModbusLib.csproj", "{682B5C90-C3B7-46D8-859F-C2219A8E75C6}"
EndProject
Global
	GlobalSection(SolutionConfigurationPlatforms) = preSolution
		Debug|Any CPU = Debug|Any CPU
		Release|Any CPU = Release|Any CPU
	EndGlobalSection
	GlobalSection(ProjectConfigurationPlatforms) = postSolution
		{E381EF2D-592B-43B9-B367-F7EE2581A898}.Debug|Any CPU.ActiveCfg = Debug|Any CPU
		{E381EF2D-592B-43B9-B367-F7EE2581A898}.Debug|Any CPU.Build.0 = Debug|Any CPU
		{E381EF2D-592B-43B9-B367-F7EE2581A898}.Release|Any CPU.ActiveCfg = Release|Any CPU
		{E381EF2D-592B-43B9-B367-F7EE2581A898}.Release|Any CPU.Build.0 = Release|Any CPU
		{682B5C90-C3B7-46D8-859F-C2219A8E75C6}.Debug|Any CPU.ActiveCfg = Debug|Any CPU
		{682B5C90-C3B7-46D8-859F-C2219A8E75C6}.Debug|Any CPU.Build.0 = Debug|Any CPU
		{682B5C90-C3B7-46D8-859F-C2219A8E75C6}.Release|Any CPU.ActiveCfg = Release|Any CPU
		{682B5C90-C3B7-46D8-859F-C2219A8E75C6}.Release|Any CPU.Build.0 = Release|Any CPU
	EndGlobalSection
	GlobalSection(SolutionProperties) = preSolution
		HideSolutionNode = FALSE
	EndGlobalSection
	GlobalSection(ExtensibilityGlobals) = postSolution
		SolutionGuid = {F68D417D-E199-4B7B-876F-7F78C9790421}
	EndGlobalSection
EndGlobal
