
Microsoft Visual Studio Solution File, Format Version 12.00
# Visual Studio 15
VisualStudioVersion = 15.0.27130.2003
MinimumVisualStudioVersion = 10.0.40219.1
Project("{FAE04EC0-301F-11D3-BF4B-00C04F79EFBC}") = "AppDomainDemo", "AppDomainDemo\AppDomainDemo.csproj", "{DB863B17-7F64-42DF-AEF5-BC6BBB386D0E}"
EndProject
Project("{FAE04EC0-301F-11D3-BF4B-00C04F79EFBC}") = "Plugin1", "Plugin1\Plugin1.csproj", "{2732AA20-E0C4-418A-B9D2-18E05C26E5F0}"
EndProject
Project("{FAE04EC0-301F-11D3-BF4B-00C04F79EFBC}") = "pluginWinD", "pluginWinD\pluginWinD.csproj", "{1E455DD6-EEA3-46BC-973F-81ED4966DCC7}"
EndProject
Global
	GlobalSection(SolutionConfigurationPlatforms) = preSolution
		Debug|Any CPU = Debug|Any CPU
		Release|Any CPU = Release|Any CPU
	EndGlobalSection
	GlobalSection(ProjectConfigurationPlatforms) = postSolution
		{DB863B17-7F64-42DF-AEF5-BC6BBB386D0E}.Debug|Any CPU.ActiveCfg = Debug|Any CPU
		{DB863B17-7F64-42DF-AEF5-BC6BBB386D0E}.Debug|Any CPU.Build.0 = Debug|Any CPU
		{DB863B17-7F64-42DF-AEF5-BC6BBB386D0E}.Release|Any CPU.ActiveCfg = Release|Any CPU
		{DB863B17-7F64-42DF-AEF5-BC6BBB386D0E}.Release|Any CPU.Build.0 = Release|Any CPU
		{2732AA20-E0C4-418A-B9D2-18E05C26E5F0}.Debug|Any CPU.ActiveCfg = Debug|Any CPU
		{2732AA20-E0C4-418A-B9D2-18E05C26E5F0}.Debug|Any CPU.Build.0 = Debug|Any CPU
		{2732AA20-E0C4-418A-B9D2-18E05C26E5F0}.Release|Any CPU.ActiveCfg = Release|Any CPU
		{2732AA20-E0C4-418A-B9D2-18E05C26E5F0}.Release|Any CPU.Build.0 = Release|Any CPU
		{1E455DD6-EEA3-46BC-973F-81ED4966DCC7}.Debug|Any CPU.ActiveCfg = Debug|Any CPU
		{1E455DD6-EEA3-46BC-973F-81ED4966DCC7}.Debug|Any CPU.Build.0 = Debug|Any CPU
		{1E455DD6-EEA3-46BC-973F-81ED4966DCC7}.Release|Any CPU.ActiveCfg = Release|Any CPU
		{1E455DD6-EEA3-46BC-973F-81ED4966DCC7}.Release|Any CPU.Build.0 = Release|Any CPU
	EndGlobalSection
	GlobalSection(SolutionProperties) = preSolution
		HideSolutionNode = FALSE
	EndGlobalSection
	GlobalSection(ExtensibilityGlobals) = postSolution
		SolutionGuid = {8C0158A2-54D9-4F17-A153-659DF09627E5}
	EndGlobalSection
EndGlobal
