
Microsoft Visual Studio Solution File, Format Version 12.00
# Visual Studio 15
VisualStudioVersion = 15.0.27004.2006
MinimumVisualStudioVersion = 10.0.40219.1
Project("{FAE04EC0-301F-11D3-BF4B-00C04F79EFBC}") = "responbilityDemo", "responbilityDemo\responbilityDemo.csproj", "{060A0770-014C-4CF5-BC61-A92238345A50}"
EndProject
Global
	GlobalSection(SolutionConfigurationPlatforms) = preSolution
		Debug|Any CPU = Debug|Any CPU
		Release|Any CPU = Release|Any CPU
	EndGlobalSection
	GlobalSection(ProjectConfigurationPlatforms) = postSolution
		{060A0770-014C-4CF5-BC61-A92238345A50}.Debug|Any CPU.ActiveCfg = Debug|Any CPU
		{060A0770-014C-4CF5-BC61-A92238345A50}.Debug|Any CPU.Build.0 = Debug|Any CPU
		{060A0770-014C-4CF5-BC61-A92238345A50}.Release|Any CPU.ActiveCfg = Release|Any CPU
		{060A0770-014C-4CF5-BC61-A92238345A50}.Release|Any CPU.Build.0 = Release|Any CPU
	EndGlobalSection
	GlobalSection(SolutionProperties) = preSolution
		HideSolutionNode = FALSE
	EndGlobalSection
	GlobalSection(ExtensibilityGlobals) = postSolution
		SolutionGuid = {8C5653FE-7F38-4888-8E81-C719072AA048}
	EndGlobalSection
EndGlobal
