
Microsoft Visual Studio Solution File, Format Version 12.00
# Visual Studio 15
VisualStudioVersion = 15.0.27130.2010
MinimumVisualStudioVersion = 10.0.40219.1
Project("{FAE04EC0-301F-11D3-BF4B-00C04F79EFBC}") = "LinqFilterDemo", "LinqFilterDemo\LinqFilterDemo.csproj", "{05926174-6DEF-4B01-8637-1EFCFCF0FCF0}"
EndProject
Global
	GlobalSection(SolutionConfigurationPlatforms) = preSolution
		Debug|Any CPU = Debug|Any CPU
		Release|Any CPU = Release|Any CPU
	EndGlobalSection
	GlobalSection(ProjectConfigurationPlatforms) = postSolution
		{05926174-6DEF-4B01-8637-1EFCFCF0FCF0}.Debug|Any CPU.ActiveCfg = Debug|Any CPU
		{05926174-6DEF-4B01-8637-1EFCFCF0FCF0}.Debug|Any CPU.Build.0 = Debug|Any CPU
		{05926174-6DEF-4B01-8637-1EFCFCF0FCF0}.Release|Any CPU.ActiveCfg = Release|Any CPU
		{05926174-6DEF-4B01-8637-1EFCFCF0FCF0}.Release|Any CPU.Build.0 = Release|Any CPU
	EndGlobalSection
	GlobalSection(SolutionProperties) = preSolution
		HideSolutionNode = FALSE
	EndGlobalSection
	GlobalSection(ExtensibilityGlobals) = postSolution
		SolutionGuid = {01BA379E-E6F8-420D-97E8-106C505114D7}
	EndGlobalSection
EndGlobal
