
Microsoft Visual Studio Solution File, Format Version 12.00
# Visual Studio 15
VisualStudioVersion = 15.0.27130.2003
MinimumVisualStudioVersion = 10.0.40219.1
Project("{FAE04EC0-301F-11D3-BF4B-00C04F79EFBC}") = "AwaitAsyncDemo", "AwaitAsyncDemo\AwaitAsyncDemo.csproj", "{C6B094E2-2DF3-44B6-A147-D4864FF22F36}"
EndProject
Global
	GlobalSection(SolutionConfigurationPlatforms) = preSolution
		Debug|Any CPU = Debug|Any CPU
		Release|Any CPU = Release|Any CPU
	EndGlobalSection
	GlobalSection(ProjectConfigurationPlatforms) = postSolution
		{C6B094E2-2DF3-44B6-A147-D4864FF22F36}.Debug|Any CPU.ActiveCfg = Debug|Any CPU
		{C6B094E2-2DF3-44B6-A147-D4864FF22F36}.Debug|Any CPU.Build.0 = Debug|Any CPU
		{C6B094E2-2DF3-44B6-A147-D4864FF22F36}.Release|Any CPU.ActiveCfg = Release|Any CPU
		{C6B094E2-2DF3-44B6-A147-D4864FF22F36}.Release|Any CPU.Build.0 = Release|Any CPU
	EndGlobalSection
	GlobalSection(SolutionProperties) = preSolution
		HideSolutionNode = FALSE
	EndGlobalSection
	GlobalSection(ExtensibilityGlobals) = postSolution
		SolutionGuid = {52515055-6B8B-4589-9679-523D82079586}
	EndGlobalSection
EndGlobal
